
Microsoft Visual Studio Solution File, Format Version 12.00
# Visual Studio Version 16
VisualStudioVersion = 16.0.30128.74
MinimumVisualStudioVersion = 10.0.40219.1
Project("{2150E333-8FDC-42A3-9474-1A3956D46DE8}") = "Microservices", "Microservices", "{0E277E2B-8BD4-477D-89F5-4DB3DBAA620B}"
EndProject
Project("{2150E333-8FDC-42A3-9474-1A3956D46DE8}") = "Domain", "Domain", "{5A5C267D-AB50-4F8C-BA57-34B61A6171A5}"
EndProject
Project("{2150E333-8FDC-42A3-9474-1A3956D46DE8}") = "Infra.Bus", "Infra.Bus", "{37FE91A7-0EFA-468A-84F6-85A046D0C170}"
EndProject
Project("{2150E333-8FDC-42A3-9474-1A3956D46DE8}") = "Infra.IoC", "Infra.IoC", "{B0BE209D-8751-4E4B-B82F-F6D33E48EE8D}"
EndProject
Project("{2150E333-8FDC-42A3-9474-1A3956D46DE8}") = "Presentation", "Presentation", "{7680A379-4A89-4A78-8405-0BA086D2B221}"
EndProject
Project("{9A19103F-16F7-4668-BE54-9A1E7A4F7556}") = "MicroRabbit.Domain.Core", "MicroRabbit.Domain.Core\MicroRabbit.Domain.Core.csproj", "{3B2F6166-D028-441D-86A6-22EA6A3B35AE}"
EndProject
Project("{9A19103F-16F7-4668-BE54-9A1E7A4F7556}") = "MicroRabbit.Infra.Bus", "MicroRabbit.Infra.Bus\MicroRabbit.Infra.Bus.csproj", "{20ACAE20-5203-4F89-B961-7E6FC455C59D}"
EndProject
Project("{9A19103F-16F7-4668-BE54-9A1E7A4F7556}") = "MicroRabbit.Infra.IoC", "MicroRabbit.Infra.IoC\MicroRabbit.Infra.IoC.csproj", "{A2CF1EA8-F696-4621-97F2-A8018D57952F}"
EndProject
Project("{2150E333-8FDC-42A3-9474-1A3956D46DE8}") = "Banking", "Banking", "{B190FD3D-1916-488E-AE33-BD3B35266EF8}"
EndProject
Project("{2150E333-8FDC-42A3-9474-1A3956D46DE8}") = "Api", "Api", "{DBCC11E2-5974-4393-BE36-1A225818448A}"
EndProject
Project("{2150E333-8FDC-42A3-9474-1A3956D46DE8}") = "Domain", "Domain", "{38B36FC9-E254-47BC-B66A-0BE6B04915F7}"
EndProject
Project("{2150E333-8FDC-42A3-9474-1A3956D46DE8}") = "Application", "Application", "{91C52159-407C-4678-B1AF-8D5EA07077FA}"
EndProject
Project("{2150E333-8FDC-42A3-9474-1A3956D46DE8}") = "Data", "Data", "{5C034412-617C-4C43-A86E-E41304B9BD95}"
EndProject
Project("{FAE04EC0-301F-11D3-BF4B-00C04F79EFBC}") = "MicroRabbit.Banking.Api", "MicroRabbit.Banking.Api\MicroRabbit.Banking.Api.csproj", "{1F11FDFB-75FC-4D92-AA5D-F9909A9C5C27}"
EndProject
Project("{FAE04EC0-301F-11D3-BF4B-00C04F79EFBC}") = "MicroRabbit.Banking.Application", "MicroRabbit.Banking.Application\MicroRabbit.Banking.Application.csproj", "{BB0DC368-6492-46D8-95D5-C34B857E8293}"
EndProject
Project("{FAE04EC0-301F-11D3-BF4B-00C04F79EFBC}") = "MicroRabbit.Banking.Data", "MicroRabbit.Banking.Data\MicroRabbit.Banking.Data.csproj", "{29DB7442-3A36-4E90-862A-B1A225201117}"
EndProject
Project("{FAE04EC0-301F-11D3-BF4B-00C04F79EFBC}") = "MicroRabbit.Banking.Domain", "MicroRabbit.Banking.Domain\MicroRabbit.Banking.Domain.csproj", "{85AA7B71-4F58-460C-85C4-DB47488FF2BF}"
EndProject
Project("{2150E333-8FDC-42A3-9474-1A3956D46DE8}") = "Transfer", "Transfer", "{0E558D75-D5FB-4331-868D-83B1E2AE6F75}"
EndProject
Project("{2150E333-8FDC-42A3-9474-1A3956D46DE8}") = "Api", "Api", "{C786118B-F409-4B6A-AE8C-2B595860D8ED}"
EndProject
Project("{2150E333-8FDC-42A3-9474-1A3956D46DE8}") = "Application", "Application", "{3A041693-5B32-4A52-9659-B58EA606B837}"
EndProject
Project("{2150E333-8FDC-42A3-9474-1A3956D46DE8}") = "Domain", "Domain", "{A7083B32-70A0-4A39-B5D6-C5E0FF7671F9}"
EndProject
Project("{2150E333-8FDC-42A3-9474-1A3956D46DE8}") = "Data", "Data", "{A8BED78C-D219-4E68-96A1-0CAD07064DF6}"
EndProject
Project("{FAE04EC0-301F-11D3-BF4B-00C04F79EFBC}") = "MicroRabbit.Transfer.Api", "MicroRabbit.Transfer.Api\MicroRabbit.Transfer.Api.csproj", "{E530B44D-F631-4972-9ADA-E372192496CE}"
EndProject
Project("{FAE04EC0-301F-11D3-BF4B-00C04F79EFBC}") = "MicroRabbit.Transfer.Application", "MicroRabbit.Transfer.Application\MicroRabbit.Transfer.Application.csproj", "{9604E739-260F-44BD-8ECF-F4CA47A00F39}"
EndProject
Project("{FAE04EC0-301F-11D3-BF4B-00C04F79EFBC}") = "MicroRabbit.Transfer.Domain", "MicroRabbit.Transfer.Domain\MicroRabbit.Transfer.Domain.csproj", "{2A30F3CA-51E1-4FA1-8AA1-52087E5429A4}"
EndProject
Project("{FAE04EC0-301F-11D3-BF4B-00C04F79EFBC}") = "MicroRabbit.Transfer.Data", "MicroRabbit.Transfer.Data\MicroRabbit.Transfer.Data.csproj", "{B41F4E71-E61E-4676-B20F-B04897030029}"
EndProject
Global
	GlobalSection(SolutionConfigurationPlatforms) = preSolution
		Debug|Any CPU = Debug|Any CPU
		Release|Any CPU = Release|Any CPU
	EndGlobalSection
	GlobalSection(ProjectConfigurationPlatforms) = postSolution
		{3B2F6166-D028-441D-86A6-22EA6A3B35AE}.Debug|Any CPU.ActiveCfg = Debug|Any CPU
		{3B2F6166-D028-441D-86A6-22EA6A3B35AE}.Debug|Any CPU.Build.0 = Debug|Any CPU
		{3B2F6166-D028-441D-86A6-22EA6A3B35AE}.Release|Any CPU.ActiveCfg = Release|Any CPU
		{3B2F6166-D028-441D-86A6-22EA6A3B35AE}.Release|Any CPU.Build.0 = Release|Any CPU
		{20ACAE20-5203-4F89-B961-7E6FC455C59D}.Debug|Any CPU.ActiveCfg = Debug|Any CPU
		{20ACAE20-5203-4F89-B961-7E6FC455C59D}.Debug|Any CPU.Build.0 = Debug|Any CPU
		{20ACAE20-5203-4F89-B961-7E6FC455C59D}.Release|Any CPU.ActiveCfg = Release|Any CPU
		{20ACAE20-5203-4F89-B961-7E6FC455C59D}.Release|Any CPU.Build.0 = Release|Any CPU
		{A2CF1EA8-F696-4621-97F2-A8018D57952F}.Debug|Any CPU.ActiveCfg = Debug|Any CPU
		{A2CF1EA8-F696-4621-97F2-A8018D57952F}.Debug|Any CPU.Build.0 = Debug|Any CPU
		{A2CF1EA8-F696-4621-97F2-A8018D57952F}.Release|Any CPU.ActiveCfg = Release|Any CPU
		{A2CF1EA8-F696-4621-97F2-A8018D57952F}.Release|Any CPU.Build.0 = Release|Any CPU
		{1F11FDFB-75FC-4D92-AA5D-F9909A9C5C27}.Debug|Any CPU.ActiveCfg = Debug|Any CPU
		{1F11FDFB-75FC-4D92-AA5D-F9909A9C5C27}.Debug|Any CPU.Build.0 = Debug|Any CPU
		{1F11FDFB-75FC-4D92-AA5D-F9909A9C5C27}.Release|Any CPU.ActiveCfg = Release|Any CPU
		{1F11FDFB-75FC-4D92-AA5D-F9909A9C5C27}.Release|Any CPU.Build.0 = Release|Any CPU
		{BB0DC368-6492-46D8-95D5-C34B857E8293}.Debug|Any CPU.ActiveCfg = Debug|Any CPU
		{BB0DC368-6492-46D8-95D5-C34B857E8293}.Debug|Any CPU.Build.0 = Debug|Any CPU
		{BB0DC368-6492-46D8-95D5-C34B857E8293}.Release|Any CPU.ActiveCfg = Release|Any CPU
		{BB0DC368-6492-46D8-95D5-C34B857E8293}.Release|Any CPU.Build.0 = Release|Any CPU
		{29DB7442-3A36-4E90-862A-B1A225201117}.Debug|Any CPU.ActiveCfg = Debug|Any CPU
		{29DB7442-3A36-4E90-862A-B1A225201117}.Debug|Any CPU.Build.0 = Debug|Any CPU
		{29DB7442-3A36-4E90-862A-B1A225201117}.Release|Any CPU.ActiveCfg = Release|Any CPU
		{29DB7442-3A36-4E90-862A-B1A225201117}.Release|Any CPU.Build.0 = Release|Any CPU
		{85AA7B71-4F58-460C-85C4-DB47488FF2BF}.Debug|Any CPU.ActiveCfg = Debug|Any CPU
		{85AA7B71-4F58-460C-85C4-DB47488FF2BF}.Debug|Any CPU.Build.0 = Debug|Any CPU
		{85AA7B71-4F58-460C-85C4-DB47488FF2BF}.Release|Any CPU.ActiveCfg = Release|Any CPU
		{85AA7B71-4F58-460C-85C4-DB47488FF2BF}.Release|Any CPU.Build.0 = Release|Any CPU
		{E530B44D-F631-4972-9ADA-E372192496CE}.Debug|Any CPU.ActiveCfg = Debug|Any CPU
		{E530B44D-F631-4972-9ADA-E372192496CE}.Debug|Any CPU.Build.0 = Debug|Any CPU
		{E530B44D-F631-4972-9ADA-E372192496CE}.Release|Any CPU.ActiveCfg = Release|Any CPU
		{E530B44D-F631-4972-9ADA-E372192496CE}.Release|Any CPU.Build.0 = Release|Any CPU
		{9604E739-260F-44BD-8ECF-F4CA47A00F39}.Debug|Any CPU.ActiveCfg = Debug|Any CPU
		{9604E739-260F-44BD-8ECF-F4CA47A00F39}.Debug|Any CPU.Build.0 = Debug|Any CPU
		{9604E739-260F-44BD-8ECF-F4CA47A00F39}.Release|Any CPU.ActiveCfg = Release|Any CPU
		{9604E739-260F-44BD-8ECF-F4CA47A00F39}.Release|Any CPU.Build.0 = Release|Any CPU
		{2A30F3CA-51E1-4FA1-8AA1-52087E5429A4}.Debug|Any CPU.ActiveCfg = Debug|Any CPU
		{2A30F3CA-51E1-4FA1-8AA1-52087E5429A4}.Debug|Any CPU.Build.0 = Debug|Any CPU
		{2A30F3CA-51E1-4FA1-8AA1-52087E5429A4}.Release|Any CPU.ActiveCfg = Release|Any CPU
		{2A30F3CA-51E1-4FA1-8AA1-52087E5429A4}.Release|Any CPU.Build.0 = Release|Any CPU
		{B41F4E71-E61E-4676-B20F-B04897030029}.Debug|Any CPU.ActiveCfg = Debug|Any CPU
		{B41F4E71-E61E-4676-B20F-B04897030029}.Debug|Any CPU.Build.0 = Debug|Any CPU
		{B41F4E71-E61E-4676-B20F-B04897030029}.Release|Any CPU.ActiveCfg = Release|Any CPU
		{B41F4E71-E61E-4676-B20F-B04897030029}.Release|Any CPU.Build.0 = Release|Any CPU
	EndGlobalSection
	GlobalSection(SolutionProperties) = preSolution
		HideSolutionNode = FALSE
	EndGlobalSection
	GlobalSection(NestedProjects) = preSolution
		{3B2F6166-D028-441D-86A6-22EA6A3B35AE} = {5A5C267D-AB50-4F8C-BA57-34B61A6171A5}
		{20ACAE20-5203-4F89-B961-7E6FC455C59D} = {37FE91A7-0EFA-468A-84F6-85A046D0C170}
		{A2CF1EA8-F696-4621-97F2-A8018D57952F} = {B0BE209D-8751-4E4B-B82F-F6D33E48EE8D}
		{B190FD3D-1916-488E-AE33-BD3B35266EF8} = {0E277E2B-8BD4-477D-89F5-4DB3DBAA620B}
		{DBCC11E2-5974-4393-BE36-1A225818448A} = {B190FD3D-1916-488E-AE33-BD3B35266EF8}
		{38B36FC9-E254-47BC-B66A-0BE6B04915F7} = {B190FD3D-1916-488E-AE33-BD3B35266EF8}
		{91C52159-407C-4678-B1AF-8D5EA07077FA} = {B190FD3D-1916-488E-AE33-BD3B35266EF8}
		{5C034412-617C-4C43-A86E-E41304B9BD95} = {B190FD3D-1916-488E-AE33-BD3B35266EF8}
		{1F11FDFB-75FC-4D92-AA5D-F9909A9C5C27} = {DBCC11E2-5974-4393-BE36-1A225818448A}
		{BB0DC368-6492-46D8-95D5-C34B857E8293} = {91C52159-407C-4678-B1AF-8D5EA07077FA}
		{29DB7442-3A36-4E90-862A-B1A225201117} = {5C034412-617C-4C43-A86E-E41304B9BD95}
		{85AA7B71-4F58-460C-85C4-DB47488FF2BF} = {38B36FC9-E254-47BC-B66A-0BE6B04915F7}
		{0E558D75-D5FB-4331-868D-83B1E2AE6F75} = {0E277E2B-8BD4-477D-89F5-4DB3DBAA620B}
		{C786118B-F409-4B6A-AE8C-2B595860D8ED} = {0E558D75-D5FB-4331-868D-83B1E2AE6F75}
		{3A041693-5B32-4A52-9659-B58EA606B837} = {0E558D75-D5FB-4331-868D-83B1E2AE6F75}
		{A7083B32-70A0-4A39-B5D6-C5E0FF7671F9} = {0E558D75-D5FB-4331-868D-83B1E2AE6F75}
		{A8BED78C-D219-4E68-96A1-0CAD07064DF6} = {0E558D75-D5FB-4331-868D-83B1E2AE6F75}
		{E530B44D-F631-4972-9ADA-E372192496CE} = {C786118B-F409-4B6A-AE8C-2B595860D8ED}
		{9604E739-260F-44BD-8ECF-F4CA47A00F39} = {3A041693-5B32-4A52-9659-B58EA606B837}
		{2A30F3CA-51E1-4FA1-8AA1-52087E5429A4} = {A7083B32-70A0-4A39-B5D6-C5E0FF7671F9}
		{B41F4E71-E61E-4676-B20F-B04897030029} = {A8BED78C-D219-4E68-96A1-0CAD07064DF6}
	EndGlobalSection
	GlobalSection(ExtensibilityGlobals) = postSolution
		SolutionGuid = {91E3878B-ADED-4507-AA02-F5227A735ADF}
	EndGlobalSection
EndGlobal
